// !$*UTF8*$!
{
	archiveVersion = 1;
	classes = {
	};
	objectVersion = 50;
	objects = {

/* Begin PBXBuildFile section */
		1534A5EF20D8A7A600CFC22F /* AppDelegate.swift in Sources */ = {isa = PBXBuildFile; fileRef = 1534A5EE20D8A7A600CFC22F /* AppDelegate.swift */; };
		1534A5F120D8A7A600CFC22F /* ViewController.swift in Sources */ = {isa = PBXBuildFile; fileRef = 1534A5F020D8A7A600CFC22F /* ViewController.swift */; };
		1534A5F420D8A7A600CFC22F /* Main.storyboard in Resources */ = {isa = PBXBuildFile; fileRef = 1534A5F220D8A7A600CFC22F /* Main.storyboard */; };
		1534A5F620D8A7A700CFC22F /* Assets.xcassets in Resources */ = {isa = PBXBuildFile; fileRef = 1534A5F520D8A7A700CFC22F /* Assets.xcassets */; };
		1534A5F920D8A7A700CFC22F /* LaunchScreen.storyboard in Resources */ = {isa = PBXBuildFile; fileRef = 1534A5F720D8A7A700CFC22F /* LaunchScreen.storyboard */; };
/* End PBXBuildFile section */

/* Begin PBXFileReference section */
		1534A5EB20D8A7A600CFC22F /* UIKitClass.app */ = {isa = PBXFileReference; explicitFileType = wrapper.application; includeInIndex = 0; path = UIKitClass.app; sourceTree = BUILT_PRODUCTS_DIR; };
		1534A5EE20D8A7A600CFC22F /* AppDelegate.swift */ = {isa = PBXFileReference; lastKnownFileType = sourcecode.swift; path = AppDelegate.swift; sourceTree = "<group>"; };
		1534A5F020D8A7A600CFC22F /* ViewController.swift */ = {isa = PBXFileReference; lastKnownFileType = sourcecode.swift; path = ViewController.swift; sourceTree = "<group>"; };
		1534A5F320D8A7A600CFC22F /* Base */ = {isa = PBXFileReference; lastKnownFileType = file.storyboard; name = Base; path = Base.lproj/Main.storyboard; sourceTree = "<group>"; };
		1534A5F520D8A7A700CFC22F /* Assets.xcassets */ = {isa = PBXFileReference; lastKnownFileType = folder.assetcatalog; path = Assets.xcassets; sourceTree = "<group>"; };
		1534A5F820D8A7A700CFC22F /* Base */ = {isa = PBXFileReference; lastKnownFileType = file.storyboard; name = Base; path = Base.lproj/LaunchScreen.storyboard; sourceTree = "<group>"; };
		1534A5FA20D8A7A700CFC22F /* Info.plist */ = {isa = PBXFileReference; lastKnownFileType = text.plist.xml; path = Info.plist; sourceTree = "<group>"; };
/* End PBXFileReference section */

/* Begin PBXFrameworksBuildPhase section */
		1534A5E820D8A7A600CFC22F /* Frameworks */ = {
			isa = PBXFrameworksBuildPhase;
			buildActionMask = 2147483647;
			files = (
			);
			runOnlyForDeploymentPostprocessing = 0;
		};
/* End PBXFrameworksBuildPhase section */

/* Begin PBXGroup section */
		1534A5E220D8A7A600CFC22F = {
			isa = PBXGroup;
			children = (
				1534A5ED20D8A7A600CFC22F /* UIKit */,
				1534A5EC20D8A7A600CFC22F /* Products */,
			);
			sourceTree = "<group>";
		};
		1534A5EC20D8A7A600CFC22F /* Products */ = {
			isa = PBXGroup;
			children = (
				1534A5EB20D8A7A600CFC22F /* UIKitClass.app */,
			);
			name = Products;
			sourceTree = "<group>";
		};
		1534A5ED20D8A7A600CFC22F /* UIKit */ = {
			isa = PBXGroup;
			children = (
				1534A5EE20D8A7A600CFC22F /* AppDelegate.swift */,
				1534A5F020D8A7A600CFC22F /* ViewController.swift */,
				1534A5F220D8A7A600CFC22F /* Main.storyboard */,
				1534A5F520D8A7A700CFC22F /* Assets.xcassets */,
				1534A5F720D8A7A700CFC22F /* LaunchScreen.storyboard */,
				1534A5FA20D8A7A700CFC22F /* Info.plist */,
			);
			path = UIKit;
			sourceTree = "<group>";
		};
/* End PBXGroup section */

/* Begin PBXNativeTarget section */
		1534A5EA20D8A7A600CFC22F /* UIKitClass */ = {
			isa = PBXNativeTarget;
			buildConfigurationList = 1534A5FD20D8A7A700CFC22F /* Build configuration list for PBXNativeTarget "UIKitClass" */;
			buildPhases = (
				1534A5E720D8A7A600CFC22F /* Sources */,
				1534A5E820D8A7A600CFC22F /* Frameworks */,
				1534A5E920D8A7A600CFC22F /* Resources */,
			);
			buildRules = (
			);
			dependencies = (
			);
			name = UIKitClass;
			productName = UIKit;
			productReference = 1534A5EB20D8A7A600CFC22F /* UIKitClass.app */;
			productType = "com.apple.product-type.application";
		};
/* End PBXNativeTarget section */

/* Begin PBXProject section */
		1534A5E320D8A7A600CFC22F /* Project object */ = {
			isa = PBXProject;
			attributes = {
				LastSwiftUpdateCheck = 0940;
				LastUpgradeCheck = 0940;
				ORGANIZATIONNAME = "KanDid Consultancy";
				TargetAttributes = {
					1534A5EA20D8A7A600CFC22F = {
						CreatedOnToolsVersion = 9.4.1;
					};
				};
			};
			buildConfigurationList = 1534A5E620D8A7A600CFC22F /* Build configuration list for PBXProject "UIKitClass" */;
			compatibilityVersion = "Xcode 9.3";
			developmentRegion = en;
			hasScannedForEncodings = 0;
			knownRegions = (
				en,
				Base,
			);
			mainGroup = 1534A5E220D8A7A600CFC22F;
			productRefGroup = 1534A5EC20D8A7A600CFC22F /* Products */;
			projectDirPath = "";
			projectRoot = "";
			targets = (
				1534A5EA20D8A7A600CFC22F /* UIKitClass */,
			);
		};
/* End PBXProject section */

/* Begin PBXResourcesBuildPhase section */
		1534A5E920D8A7A600CFC22F /* Resources */ = {
			isa = PBXResourcesBuildPhase;
			buildActionMask = 2147483647;
			files = (
				1534A5F920D8A7A700CFC22F /* LaunchScreen.storyboard in Resources */,
				1534A5F620D8A7A700CFC22F /* Assets.xcassets in Resources */,
				1534A5F420D8A7A600CFC22F /* Main.storyboard in Resources */,
			);
			runOnlyForDeploymentPostprocessing = 0;
		};
/* End PBXResourcesBuildPhase section */

/* Begin PBXSourcesBuildPhase section */
		1534A5E720D8A7A600CFC22F /* Sources */ = {
			isa = PBXSourcesBuildPhase;
			buildActionMask = 2147483647;
			files = (
				1534A5F120D8A7A600CFC22F /* ViewController.swift in Sources */,
				1534A5EF20D8A7A600CFC22F /* AppDelegate.swift in Sources */,
			);
			runOnlyForDeploymentPostprocessing = 0;
		};
/* End PBXSourcesBuildPhase section */

/* Begin PBXVariantGroup section */
		1534A5F220D8A7A600CFC22F /* Main.storyboard */ = {
			isa = PBXVariantGroup;
			children = (
				1534A5F320D8A7A600CFC22F /* Base */,
			);
			name = Main.storyboard;
			sourceTree = "<group>";
		};
		1534A5F720D8A7A700CFC22F /* LaunchScreen.storyboard */ = {
			isa = PBXVariantGroup;
			children = (
				1534A5F820D8A7A700CFC22F /* Base */,
			);
			name = LaunchScreen.storyboard;
			sourceTree = "<group>";
		};
/* End PBXVariantGroup section */

/* Begin XCBuildConfiguration section */
		1534A5FB20D8A7A700CFC22F /* Debug */ = {
			isa = XCBuildConfiguration;
			buildSettings = {
				ALWAYS_SEARCH_USER_PATHS = NO;
				CLANG_ANALYZER_NONNULL = YES;
				CLANG_ANALYZER_NUMBER_OBJECT_CONVERSION = YES_AGGRESSIVE;
				CLANG_CXX_LANGUAGE_STANDARD = "gnu++14";
				CLANG_CXX_LIBRARY = "libc++";
				CLANG_ENABLE_MODULES = YES;
				CLANG_ENABLE_OBJC_ARC = YES;
				CLANG_ENABLE_OBJC_WEAK = YES;
				CLANG_WARN_BLOCK_CAPTURE_AUTORELEASING = YES;
				CLANG_WARN_BOOL_CONVERSION = YES;
				CLANG_WARN_COMMA = YES;
				CLANG_WARN_CONSTANT_CONVERSION = YES;
				CLANG_WARN_DEPRECATED_OBJC_IMPLEMENTATIONS = YES;
				CLANG_WARN_DIRECT_OBJC_ISA_USAGE = YES_ERROR;
				CLANG_WARN_DOCUMENTATION_COMMENTS = YES;
				CLANG_WARN_EMPTY_BODY = YES;
				CLANG_WARN_ENUM_CONVERSION = YES;
				CLANG_WARN_INFINITE_RECURSION = YES;
				CLANG_WARN_INT_CONVERSION = YES;
				CLANG_WARN_NON_LITERAL_NULL_CONVERSION = YES;
				CLANG_WARN_OBJC_IMPLICIT_RETAIN_SELF = YES;
				CLANG_WARN_OBJC_LITERAL_CONVERSION = YES;
				CLANG_WARN_OBJC_ROOT_CLASS = YES_ERROR;
				CLANG_WARN_RANGE_LOOP_ANALYSIS = YES;
				CLANG_WARN_STRICT_PROTOTYPES = YES;
				CLANG_WARN_SUSPICIOUS_MOVE = YES;
				CLANG_WARN_UNGUARDED_AVAILABILITY = YES_AGGRESSIVE;
				CLANG_WARN_UNREACHABLE_CODE = YES;
				CLANG_WARN__DUPLICATE_METHOD_MATCH = YES;
				CODE_SIGN_IDENTITY = "iPhone Developer";
				COPY_PHASE_STRIP = NO;
				DEBUG_INFORMATION_FORMAT = dwarf;
				ENABLE_STRICT_OBJC_MSGSEND = YES;
				ENABLE_TESTABILITY = YES;
				GCC_C_LANGUAGE_STANDARD = gnu11;
				GCC_DYNAMIC_NO_PIC = NO;
				GCC_NO_COMMON_BLOCKS = YES;
				GCC_OPTIMIZATION_LEVEL = 0;
				GCC_PREPROCESSOR_DEFINITIONS = (
					"DEBUG=1",
					"$(inherited)",
				);
				GCC_WARN_64_TO_32_BIT_CONVERSION = YES;
				GCC_WARN_ABOUT_RETURN_TYPE = YES_ERROR;
				GCC_WARN_UNDECLARED_SELECTOR = YES;
				GCC_WARN_UNINITIALIZED_AUTOS = YES_AGGRESSIVE;
				GCC_WARN_UNUSED_FUNCTION = YES;
				GCC_WARN_UNUSED_VARIABLE = YES;
				IPHONEOS_DEPLOYMENT_TARGET = 11.4;
				MTL_ENABLE_DEBUG_INFO = YES;
				ONLY_ACTIVE_ARCH = YES;
				SDKROOT = iphoneos;
				SWIFT_ACTIVE_COMPILATION_CONDITIONS = DEBUG;
				SWIFT_OPTIMIZATION_LEVEL = "-Onone";
			};
			name = Debug;
		};
		1534A5FC20D8A7A700CFC22F /* Release */ = {
			isa = XCBuildConfiguration;
			buildSettings = {
				ALWAYS_SEARCH_USER_PATHS = NO;
				CLANG_ANALYZER_NONNULL = YES;
				CLANG_ANALYZER_NUMBER_OBJECT_CONVERSION = YES_AGGRESSIVE;
				CLANG_CXX_LANGUAGE_STANDARD = "gnu++14";
				CLANG_CXX_LIBRARY = "libc++";
				CLANG_ENABLE_MODULES = YES;
				CLANG_ENABLE_OBJC_ARC = YES;
				CLANG_ENABLE_OBJC_WEAK = YES;
				CLANG_WARN_BLOCK_CAPTURE_AUTORELEASING = YES;
				CLANG_WARN_BOOL_CONVERSION = YES;
				CLANG_WARN_COMMA = YES;
				CLANG_WARN_CONSTANT_CONVERSION = YES;
				CLANG_WARN_DEPRECATED_OBJC_IMPLEMENTATIONS = YES;
				CLANG_WARN_DIRECT_OBJC_ISA_USAGE = YES_ERROR;
				CLANG_WARN_DOCUMENTATION_COMMENTS = YES;
				CLANG_WARN_EMPTY_BODY = YES;
				CLANG_WARN_ENUM_CONVERSION = YES;
				CLANG_WARN_INFINITE_RECURSION = YES;
				CLANG_WARN_INT_CONVERSION = YES;
				CLANG_WARN_NON_LITERAL_NULL_CONVERSION = YES;
				CLANG_WARN_OBJC_IMPLICIT_RETAIN_SELF = YES;
				CLANG_WARN_OBJC_LITERAL_CONVERSION = YES;
				CLANG_WARN_OBJC_ROOT_CLASS = YES_ERROR;
				CLANG_WARN_RANGE_LOOP_ANALYSIS = YES;
				CLANG_WARN_STRICT_PROTOTYPES = YES;
				CLANG_WARN_SUSPICIOUS_MOVE = YES;
				CLANG_WARN_UNGUARDED_AVAILABILITY = YES_AGGRESSIVE;
				CLANG_WARN_UNREACHABLE_CODE = YES;
				CLANG_WARN__DUPLICATE_METHOD_MATCH = YES;
				CODE_SIGN_IDENTITY = "iPhone Developer";
				COPY_PHASE_STRIP = NO;
				DEBUG_INFORMATION_FORMAT = "dwarf-with-dsym";
				ENABLE_NS_ASSERTIONS = NO;
				ENABLE_STRICT_OBJC_MSGSEND = YES;
				GCC_C_LANGUAGE_STANDARD = gnu11;
				GCC_NO_COMMON_BLOCKS = YES;
				GCC_WARN_64_TO_32_BIT_CONVERSION = YES;
				GCC_WARN_ABOUT_RETURN_TYPE = YES_ERROR;
				GCC_WARN_UNDECLARED_SELECTOR = YES;
				GCC_WARN_UNINITIALIZED_AUTOS = YES_AGGRESSIVE;
				GCC_WARN_UNUSED_FUNCTION = YES;
				GCC_WARN_UNUSED_VARIABLE = YES;
				IPHONEOS_DEPLOYMENT_TARGET = 11.4;
				MTL_ENABLE_DEBUG_INFO = NO;
				SDKROOT = iphoneos;
				SWIFT_COMPILATION_MODE = wholemodule;
				SWIFT_OPTIMIZATION_LEVEL = "-O";
				VALIDATE_PRODUCT = YES;
			};
			name = Release;
		};
		1534A5FE20D8A7A700CFC22F /* Debug */ = {
			isa = XCBuildConfiguration;
			buildSettings = {
				ASSETCATALOG_COMPILER_APPICON_NAME = AppIcon;
				CODE_SIGN_STYLE = Automatic;
				DEVELOPMENT_TEAM = NZFMT8JP8D;
				INFOPLIST_FILE = UIKit/Info.plist;
				LD_RUNPATH_SEARCH_PATHS = (
					"$(inherited)",
					"@executable_path/Frameworks",
				);
				PRODUCT_BUNDLE_IDENTIFIER = dnarteykand.UIKit;
				PRODUCT_NAME = "$(TARGET_NAME)";
				SWIFT_VERSION = 4.0;
				TARGETED_DEVICE_FAMILY = "1,2";
			};
			name = Debug;
		};
		1534A5FF20D8A7A700CFC22F /* Release */ = {
			isa = XCBuildConfiguration;
			buildSettings = {
				ASSETCATALOG_COMPILER_APPICON_NAME = AppIcon;
				CODE_SIGN_STYLE = Automatic;
				DEVELOPMENT_TEAM = NZFMT8JP8D;
				INFOPLIST_FILE = UIKit/Info.plist;
				LD_RUNPATH_SEARCH_PATHS = (
					"$(inherited)",
					"@executable_path/Frameworks",
				);
				PRODUCT_BUNDLE_IDENTIFIER = dnarteykand.UIKit;
				PRODUCT_NAME = "$(TARGET_NAME)";
				SWIFT_VERSION = 4.0;
				TARGETED_DEVICE_FAMILY = "1,2";
			};
			name = Release;
		};
/* End XCBuildConfiguration section */

/* Begin XCConfigurationList section */
		1534A5E620D8A7A600CFC22F /* Build configuration list for PBXProject "UIKitClass" */ = {
			isa = XCConfigurationList;
			buildConfigurations = (
				1534A5FB20D8A7A700CFC22F /* Debug */,
				1534A5FC20D8A7A700CFC22F /* Release */,
			);
			defaultConfigurationIsVisible = 0;
			defaultConfigurationName = Release;
		};
		1534A5FD20D8A7A700CFC22F /* Build configuration list for PBXNativeTarget "UIKitClass" */ = {
			isa = XCConfigurationList;
			buildConfigurations = (
				1534A5FE20D8A7A700CFC22F /* Debug */,
				1534A5FF20D8A7A700CFC22F /* Release */,
			);
			defaultConfigurationIsVisible = 0;
			defaultConfigurationName = Release;
		};
/* End XCConfigurationList section */
	};
	rootObject = 1534A5E320D8A7A600CFC22F /* Project object */;
}
